Microsoft Visual Studio Solution File, Format Version 11.00
# Visual Studio 2008

Project("{99AF16D0-4267-B666-642A-3DFA32C931F2}") = "Unity_Echo_Server_5v", "Assembly-CSharp.csproj", "{FF5147C6-C5A8-22C7-33B5-F43FA75A71C4}"
EndProject
Global
	GlobalSection(SolutionConfigurationPlatforms) = preSolution
		Debug|Any CPU = Debug|Any CPU
		Release|Any CPU = Release|Any CPU
	EndGlobalSection
	GlobalSection(ProjectConfigurationPlatforms) = postSolution
		{FF5147C6-C5A8-22C7-33B5-F43FA75A71C4}.Debug|Any CPU.ActiveCfg = Debug|Any CPU
		{FF5147C6-C5A8-22C7-33B5-F43FA75A71C4}.Debug|Any CPU.Build.0 = Debug|Any CPU
		{FF5147C6-C5A8-22C7-33B5-F43FA75A71C4}.Release|Any CPU.ActiveCfg = Release|Any CPU
		{FF5147C6-C5A8-22C7-33B5-F43FA75A71C4}.Release|Any CPU.Build.0 = Release|Any CPU
	EndGlobalSection
	GlobalSection(SolutionProperties) = preSolution
		HideSolutionNode = FALSE
	EndGlobalSection
	GlobalSection(MonoDevelopProperties) = preSolution
		StartupItem = Assembly-CSharp.csproj
	EndGlobalSection
EndGlobal
